// !$*UTF8*$!
{
	archiveVersion = 1;
	classes = {
	};
	objectVersion = 46;
	objects = {

/* Begin PBXBuildFile section */
		3307E25214DD67AF00682567 /* ArkanoidBonus.m in Sources */ = {isa = PBXBuildFile; fileRef = 3307E25114DD67AF00682567 /* ArkanoidBonus.m */; };
		338784E714D5C2880055F31C /* UIKit.framework in Frameworks */ = {isa = PBXBuildFile; fileRef = 338784E614D5C2880055F31C /* UIKit.framework */; };
		338784E914D5C2880055F31C /* Foundation.framework in Frameworks */ = {isa = PBXBuildFile; fileRef = 338784E814D5C2880055F31C /* Foundation.framework */; };
		338784EB14D5C2880055F31C /* CoreGraphics.framework in Frameworks */ = {isa = PBXBuildFile; fileRef = 338784EA14D5C2880055F31C /* CoreGraphics.framework */; };
		338784F114D5C2880055F31C /* InfoPlist.strings in Resources */ = {isa = PBXBuildFile; fileRef = 338784EF14D5C2880055F31C /* InfoPlist.strings */; };
		338784F314D5C2880055F31C /* main.m in Sources */ = {isa = PBXBuildFile; fileRef = 338784F214D5C2880055F31C /* main.m */; };
		338784F714D5C2880055F31C /* AppDelegate.m in Sources */ = {isa = PBXBuildFile; fileRef = 338784F614D5C2880055F31C /* AppDelegate.m */; };
		3387857714D5CC370055F31C /* RootViewController.m in Sources */ = {isa = PBXBuildFile; fileRef = 3387857514D5CC370055F31C /* RootViewController.m */; };
		3387857814D5CC370055F31C /* RootViewController.xib in Resources */ = {isa = PBXBuildFile; fileRef = 3387857614D5CC370055F31C /* RootViewController.xib */; };
		3387857C14D5CC370055F31C /* PlayViewController.m in Sources */ = {isa = PBXBuildFile; fileRef = 3387857A14D5CC370055F31C /* PlayViewController.m */; };
		3387857D14D5CC370055F31C /* PlayViewController.xib in Resources */ = {isa = PBXBuildFile; fileRef = 3387857B14D5CC370055F31C /* PlayViewController.xib */; };
		3387858614D5CC370055F31C /* HighScoresViewController.m in Sources */ = {isa = PBXBuildFile; fileRef = 3387858414D5CC370055F31C /* HighScoresViewController.m */; };
		3387858714D5CC370055F31C /* HighScoresViewController.xib in Resources */ = {isa = PBXBuildFile; fileRef = 3387858514D5CC370055F31C /* HighScoresViewController.xib */; };
		3387859014D5CC370055F31C /* PasswordViewController.m in Sources */ = {isa = PBXBuildFile; fileRef = 3387858E14D5CC370055F31C /* PasswordViewController.m */; };
		3387859114D5CC370055F31C /* PasswordViewController.xib in Resources */ = {isa = PBXBuildFile; fileRef = 3387858F14D5CC370055F31C /* PasswordViewController.xib */; };
		95819B5414DA5C540035C590 /* ball.gif in Resources */ = {isa = PBXBuildFile; fileRef = 95819B5314DA5C540035C590 /* ball.gif */; };
		95819B5814DA72D80035C590 /* level.lvl in Resources */ = {isa = PBXBuildFile; fileRef = 95819B5714DA72D80035C590 /* level.lvl */; };
		95819B5B14DA75EB0035C590 /* BrickDescription.m in Sources */ = {isa = PBXBuildFile; fileRef = 95819B5A14DA75EB0035C590 /* BrickDescription.m */; };
		95819B6614DABDD50035C590 /* PauseButton.m in Sources */ = {isa = PBXBuildFile; fileRef = 95819B6514DABDD50035C590 /* PauseButton.m */; };
		958648B214D901CF00F6C12D /* QuartzCore.framework in Frameworks */ = {isa = PBXBuildFile; fileRef = 958648B114D901CF00F6C12D /* QuartzCore.framework */; };
		958648B514D909DF00F6C12D /* GameState.m in Sources */ = {isa = PBXBuildFile; fileRef = 958648B414D909DF00F6C12D /* GameState.m */; };
		958648B914D9518C00F6C12D /* board_narrow.png in Resources */ = {isa = PBXBuildFile; fileRef = 958648B614D9518C00F6C12D /* board_narrow.png */; };
		958648BA14D9518C00F6C12D /* board_normal.png in Resources */ = {isa = PBXBuildFile; fileRef = 958648B714D9518C00F6C12D /* board_normal.png */; };
		958648BB14D9518C00F6C12D /* board_wide.png in Resources */ = {isa = PBXBuildFile; fileRef = 958648B814D9518C00F6C12D /* board_wide.png */; };
		958648C014D9548500F6C12D /* background_blue.gif in Resources */ = {isa = PBXBuildFile; fileRef = 958648BC14D9548500F6C12D /* background_blue.gif */; };
		958648C114D9548500F6C12D /* background_green.gif in Resources */ = {isa = PBXBuildFile; fileRef = 958648BD14D9548500F6C12D /* background_green.gif */; };
		958648C214D9548500F6C12D /* background_pink.gif in Resources */ = {isa = PBXBuildFile; fileRef = 958648BE14D9548500F6C12D /* background_pink.gif */; };
		958648C314D9548500F6C12D /* background_red.gif in Resources */ = {isa = PBXBuildFile; fileRef = 958648BF14D9548500F6C12D /* background_red.gif */; };
		958648C714D954A700F6C12D /* brick_blue_cyan.png in Resources */ = {isa = PBXBuildFile; fileRef = 958648C414D954A600F6C12D /* brick_blue_cyan.png */; };
		958648C814D954A700F6C12D /* brick_cyan_black.png in Resources */ = {isa = PBXBuildFile; fileRef = 958648C514D954A600F6C12D /* brick_cyan_black.png */; };
		958648C914D954A700F6C12D /* brick_cyan_blue.png in Resources */ = {isa = PBXBuildFile; fileRef = 958648C614D954A600F6C12D /* brick_cyan_blue.png */; };
		958648D414D954B400F6C12D /* brick_green_lightgreen.png in Resources */ = {isa = PBXBuildFile; fileRef = 958648CA14D954B300F6C12D /* brick_green_lightgreen.png */; };
		958648D514D954B400F6C12D /* brick_grey_black.png in Resources */ = {isa = PBXBuildFile; fileRef = 958648CB14D954B300F6C12D /* brick_grey_black.png */; };
		958648D614D954B400F6C12D /* brick_lightgreen_green.png in Resources */ = {isa = PBXBuildFile; fileRef = 958648CC14D954B300F6C12D /* brick_lightgreen_green.png */; };
		958648D714D954B400F6C12D /* brick_pink_black.png in Resources */ = {isa = PBXBuildFile; fileRef = 958648CD14D954B300F6C12D /* brick_pink_black.png */; };
		958648D814D954B400F6C12D /* brick_pink_purple.png in Resources */ = {isa = PBXBuildFile; fileRef = 958648CE14D954B400F6C12D /* brick_pink_purple.png */; };
		958648D914D954B400F6C12D /* brick_purple_pink.png in Resources */ = {isa = PBXBuildFile; fileRef = 958648CF14D954B400F6C12D /* brick_purple_pink.png */; };
		958648DA14D954B400F6C12D /* brick_red_yellow.png in Resources */ = {isa = PBXBuildFile; fileRef = 958648D014D954B400F6C12D /* brick_red_yellow.png */; };
		958648DB14D954B400F6C12D /* brick_yellow_black.png in Resources */ = {isa = PBXBuildFile; fileRef = 958648D114D954B400F6C12D /* brick_yellow_black.png */; };
		958648DC14D954B400F6C12D /* brick_yellow_lime.png in Resources */ = {isa = PBXBuildFile; fileRef = 958648D214D954B400F6C12D /* brick_yellow_lime.png */; };
		958648DD14D954B400F6C12D /* brick_yellow_red.png in Resources */ = {isa = PBXBuildFile; fileRef = 958648D314D954B400F6C12D /* brick_yellow_red.png */; };
		958648DF14D959A500F6C12D /* main frame.gif in Resources */ = {isa = PBXBuildFile; fileRef = 958648DE14D959A500F6C12D /* main frame.gif */; };
		958648E214D95B0600F6C12D /* ArkanoidBrick.m in Sources */ = {isa = PBXBuildFile; fileRef = 958648E114D95B0600F6C12D /* ArkanoidBrick.m */; };
		958695D914D7A2C20002EFA3 /* ArkanoidBall.m in Sources */ = {isa = PBXBuildFile; fileRef = 958695D814D7A2C20002EFA3 /* ArkanoidBall.m */; };
		959CA95E14DFB076007334ED /* bonus_fast.gif in Resources */ = {isa = PBXBuildFile; fileRef = 959CA95714DFB076007334ED /* bonus_fast.gif */; };
		959CA95F14DFB076007334ED /* bonus_live.gif in Resources */ = {isa = PBXBuildFile; fileRef = 959CA95814DFB076007334ED /* bonus_live.gif */; };
		959CA96014DFB076007334ED /* bonus_multi.gif in Resources */ = {isa = PBXBuildFile; fileRef = 959CA95914DFB076007334ED /* bonus_multi.gif */; };
		959CA96114DFB076007334ED /* bonus_narrow.gif in Resources */ = {isa = PBXBuildFile; fileRef = 959CA95A14DFB076007334ED /* bonus_narrow.gif */; };
		959CA96214DFB076007334ED /* bonus_slow.gif in Resources */ = {isa = PBXBuildFile; fileRef = 959CA95B14DFB076007334ED /* bonus_slow.gif */; };
		959CA96314DFB076007334ED /* bonus_victory.gif in Resources */ = {isa = PBXBuildFile; fileRef = 959CA95C14DFB076007334ED /* bonus_victory.gif */; };
		959CA96414DFB076007334ED /* bonus_wide.gif in Resources */ = {isa = PBXBuildFile; fileRef = 959CA95D14DFB076007334ED /* bonus_wide.gif */; };
		95E2A21014D6B343005970ED /* ArkanoidBoard.m in Sources */ = {isa = PBXBuildFile; fileRef = 95E2A20F14D6B342005970ED /* ArkanoidBoard.m */; };
/* End PBXBuildFile section */

/* Begin PBXFileReference section */
		3307E25014DD67AF00682567 /* ArkanoidBonus.h */ = {isa = PBXFileReference; fileEncoding = 4; lastKnownFileType = sourcecode.c.h; path = ArkanoidBonus.h; sourceTree = "<group>"; };
		3307E25114DD67AF00682567 /* ArkanoidBonus.m */ = {isa = PBXFileReference; fileEncoding = 4; lastKnownFileType = sourcecode.c.objc; path = ArkanoidBonus.m; sourceTree = "<group>"; };
		338784E214D5C2880055F31C /* FinalProjectBasis.app */ = {isa = PBXFileReference; explicitFileType = wrapper.application; includeInIndex = 0; path = FinalProjectBasis.app; sourceTree = BUILT_PRODUCTS_DIR; };
		338784E614D5C2880055F31C /* UIKit.framework */ = {isa = PBXFileReference; lastKnownFileType = wrapper.framework; name = UIKit.framework; path = System/Library/Frameworks/UIKit.framework; sourceTree = SDKROOT; };
		338784E814D5C2880055F31C /* Foundation.framework */ = {isa = PBXFileReference; lastKnownFileType = wrapper.framework; name = Foundation.framework; path = System/Library/Frameworks/Foundation.framework; sourceTree = SDKROOT; };
		338784EA14D5C2880055F31C /* CoreGraphics.framework */ = {isa = PBXFileReference; lastKnownFileType = wrapper.framework; name = CoreGraphics.framework; path = System/Library/Frameworks/CoreGraphics.framework; sourceTree = SDKROOT; };
		338784EE14D5C2880055F31C /* FinalProjectBasis-Info.plist */ = {isa = PBXFileReference; lastKnownFileType = text.plist.xml; path = "FinalProjectBasis-Info.plist"; sourceTree = "<group>"; };
		338784F014D5C2880055F31C /* en */ = {isa = PBXFileReference; lastKnownFileType = text.plist.strings; name = en; path = en.lproj/InfoPlist.strings; sourceTree = "<group>"; };
		338784F214D5C2880055F31C /* main.m */ = {isa = PBXFileReference; lastKnownFileType = sourcecode.c.objc; path = main.m; sourceTree = "<group>"; };
		338784F414D5C2880055F31C /* FinalProjectBasis-Prefix.pch */ = {isa = PBXFileReference; lastKnownFileType = sourcecode.c.h; path = "FinalProjectBasis-Prefix.pch"; sourceTree = "<group>"; };
		338784F514D5C2880055F31C /* AppDelegate.h */ = {isa = PBXFileReference; lastKnownFileType = sourcecode.c.h; path = AppDelegate.h; sourceTree = "<group>"; };
		338784F614D5C2880055F31C /* AppDelegate.m */ = {isa = PBXFileReference; lastKnownFileType = sourcecode.c.objc; path = AppDelegate.m; sourceTree = "<group>"; };
		3387857414D5CC370055F31C /* RootViewController.h */ = {isa = PBXFileReference; fileEncoding = 4; lastKnownFileType = sourcecode.c.h; path = RootViewController.h; sourceTree = "<group>"; };
		3387857514D5CC370055F31C /* RootViewController.m */ = {isa = PBXFileReference; fileEncoding = 4; lastKnownFileType = sourcecode.c.objc; path = RootViewController.m; sourceTree = "<group>"; };
		3387857614D5CC370055F31C /* RootViewController.xib */ = {isa = PBXFileReference; fileEncoding = 4; lastKnownFileType = file.xib; path = RootViewController.xib; sourceTree = "<group>"; };
		3387857914D5CC370055F31C /* PlayViewController.h */ = {isa = PBXFileReference; fileEncoding = 4; lastKnownFileType = sourcecode.c.h; path = PlayViewController.h; sourceTree = "<group>"; };
		3387857A14D5CC370055F31C /* PlayViewController.m */ = {isa = PBXFileReference; fileEncoding = 4; lastKnownFileType = sourcecode.c.objc; path = PlayViewController.m; sourceTree = "<group>"; };
		3387857B14D5CC370055F31C /* PlayViewController.xib */ = {isa = PBXFileReference; fileEncoding = 4; lastKnownFileType = file.xib; path = PlayViewController.xib; sourceTree = "<group>"; };
		3387858314D5CC370055F31C /* HighScoresViewController.h */ = {isa = PBXFileReference; fileEncoding = 4; lastKnownFileType = sourcecode.c.h; path = HighScoresViewController.h; sourceTree = "<group>"; };
		3387858414D5CC370055F31C /* HighScoresViewController.m */ = {isa = PBXFileReference; fileEncoding = 4; lastKnownFileType = sourcecode.c.objc; path = HighScoresViewController.m; sourceTree = "<group>"; };
		3387858514D5CC370055F31C /* HighScoresViewController.xib */ = {isa = PBXFileReference; fileEncoding = 4; lastKnownFileType = file.xib; path = HighScoresViewController.xib; sourceTree = "<group>"; };
		3387858D14D5CC370055F31C /* PasswordViewController.h */ = {isa = PBXFileReference; fileEncoding = 4; lastKnownFileType = sourcecode.c.h; path = PasswordViewController.h; sourceTree = "<group>"; };
		3387858E14D5CC370055F31C /* PasswordViewController.m */ = {isa = PBXFileReference; fileEncoding = 4; lastKnownFileType = sourcecode.c.objc; path = PasswordViewController.m; sourceTree = "<group>"; };
		3387858F14D5CC370055F31C /* PasswordViewController.xib */ = {isa = PBXFileReference; fileEncoding = 4; lastKnownFileType = file.xib; path = PasswordViewController.xib; sourceTree = "<group>"; };
		95819B5314DA5C540035C590 /* ball.gif */ = {isa = PBXFileReference; lastKnownFileType = image.gif; path = ball.gif; sourceTree = "<group>"; };
		95819B5714DA72D80035C590 /* level.lvl */ = {isa = PBXFileReference; fileEncoding = 4; lastKnownFileType = text.xml; path = level.lvl; sourceTree = "<group>"; };
		95819B5914DA75EB0035C590 /* BrickDescription.h */ = {isa = PBXFileReference; fileEncoding = 4; lastKnownFileType = sourcecode.c.h; path = BrickDescription.h; sourceTree = "<group>"; };
		95819B5A14DA75EB0035C590 /* BrickDescription.m */ = {isa = PBXFileReference; fileEncoding = 4; lastKnownFileType = sourcecode.c.objc; path = BrickDescription.m; sourceTree = "<group>"; };
		95819B6414DABDD50035C590 /* PauseButton.h */ = {isa = PBXFileReference; fileEncoding = 4; lastKnownFileType = sourcecode.c.h; path = PauseButton.h; sourceTree = "<group>"; };
		95819B6514DABDD50035C590 /* PauseButton.m */ = {isa = PBXFileReference; fileEncoding = 4; lastKnownFileType = sourcecode.c.objc; path = PauseButton.m; sourceTree = "<group>"; };
		958648B114D901CF00F6C12D /* QuartzCore.framework */ = {isa = PBXFileReference; lastKnownFileType = wrapper.framework; name = QuartzCore.framework; path = System/Library/Frameworks/QuartzCore.framework; sourceTree = SDKROOT; };
		958648B314D909DF00F6C12D /* GameState.h */ = {isa = PBXFileReference; fileEncoding = 4; lastKnownFileType = sourcecode.c.h; path = GameState.h; sourceTree = "<group>"; };
		958648B414D909DF00F6C12D /* GameState.m */ = {isa = PBXFileReference; fileEncoding = 4; lastKnownFileType = sourcecode.c.objc; path = GameState.m; sourceTree = "<group>"; };
		958648B614D9518C00F6C12D /* board_narrow.png */ = {isa = PBXFileReference; lastKnownFileType = image.png; path = board_narrow.png; sourceTree = "<group>"; };
		958648B714D9518C00F6C12D /* board_normal.png */ = {isa = PBXFileReference; lastKnownFileType = image.png; path = board_normal.png; sourceTree = "<group>"; };
		958648B814D9518C00F6C12D /* board_wide.png */ = {isa = PBXFileReference; lastKnownFileType = image.png; path = board_wide.png; sourceTree = "<group>"; };
		958648BC14D9548500F6C12D /* background_blue.gif */ = {isa = PBXFileReference; lastKnownFileType = image.gif; path = background_blue.gif; sourceTree = "<group>"; };
		958648BD14D9548500F6C12D /* background_green.gif */ = {isa = PBXFileReference; lastKnownFileType = image.gif; path = background_green.gif; sourceTree = "<group>"; };
		958648BE14D9548500F6C12D /* background_pink.gif */ = {isa = PBXFileReference; lastKnownFileType = image.gif; path = background_pink.gif; sourceTree = "<group>"; };
		958648BF14D9548500F6C12D /* background_red.gif */ = {isa = PBXFileReference; lastKnownFileType = image.gif; path = background_red.gif; sourceTree = "<group>"; };
		958648C414D954A600F6C12D /* brick_blue_cyan.png */ = {isa = PBXFileReference; lastKnownFileType = image.png; path = brick_blue_cyan.png; sourceTree = "<group>"; };
		958648C514D954A600F6C12D /* brick_cyan_black.png */ = {isa = PBXFileReference; lastKnownFileType = image.png; path = brick_cyan_black.png; sourceTree = "<group>"; };
		958648C614D954A600F6C12D /* brick_cyan_blue.png */ = {isa = PBXFileReference; lastKnownFileType = image.png; path = brick_cyan_blue.png; sourceTree = "<group>"; };
		958648CA14D954B300F6C12D /* brick_green_lightgreen.png */ = {isa = PBXFileReference; lastKnownFileType = image.png; path = brick_green_lightgreen.png; sourceTree = "<group>"; };
		958648CB14D954B300F6C12D /* brick_grey_black.png */ = {isa = PBXFileReference; lastKnownFileType = image.png; path = brick_grey_black.png; sourceTree = "<group>"; };
		958648CC14D954B300F6C12D /* brick_lightgreen_green.png */ = {isa = PBXFileReference; lastKnownFileType = image.png; path = brick_lightgreen_green.png; sourceTree = "<group>"; };
		958648CD14D954B300F6C12D /* brick_pink_black.png */ = {isa = PBXFileReference; lastKnownFileType = image.png; path = brick_pink_black.png; sourceTree = "<group>"; };
		958648CE14D954B400F6C12D /* brick_pink_purple.png */ = {isa = PBXFileReference; lastKnownFileType = image.png; path = brick_pink_purple.png; sourceTree = "<group>"; };
		958648CF14D954B400F6C12D /* brick_purple_pink.png */ = {isa = PBXFileReference; lastKnownFileType = image.png; path = brick_purple_pink.png; sourceTree = "<group>"; };
		958648D014D954B400F6C12D /* brick_red_yellow.png */ = {isa = PBXFileReference; lastKnownFileType = image.png; path = brick_red_yellow.png; sourceTree = "<group>"; };
		958648D114D954B400F6C12D /* brick_yellow_black.png */ = {isa = PBXFileReference; lastKnownFileType = image.png; path = brick_yellow_black.png; sourceTree = "<group>"; };
		958648D214D954B400F6C12D /* brick_yellow_lime.png */ = {isa = PBXFileReference; lastKnownFileType = image.png; path = brick_yellow_lime.png; sourceTree = "<group>"; };
		958648D314D954B400F6C12D /* brick_yellow_red.png */ = {isa = PBXFileReference; lastKnownFileType = image.png; path = brick_yellow_red.png; sourceTree = "<group>"; };
		958648DE14D959A500F6C12D /* main frame.gif */ = {isa = PBXFileReference; lastKnownFileType = image.gif; path = "main frame.gif"; sourceTree = "<group>"; };
		958648E014D95B0500F6C12D /* ArkanoidBrick.h */ = {isa = PBXFileReference; fileEncoding = 4; lastKnownFileType = sourcecode.c.h; path = ArkanoidBrick.h; sourceTree = "<group>"; };
		958648E114D95B0600F6C12D /* ArkanoidBrick.m */ = {isa = PBXFileReference; fileEncoding = 4; lastKnownFileType = sourcecode.c.objc; path = ArkanoidBrick.m; sourceTree = "<group>"; };
		958695D714D7A2C20002EFA3 /* ArkanoidBall.h */ = {isa = PBXFileReference; fileEncoding = 4; lastKnownFileType = sourcecode.c.h; path = ArkanoidBall.h; sourceTree = "<group>"; };
		958695D814D7A2C20002EFA3 /* ArkanoidBall.m */ = {isa = PBXFileReference; fileEncoding = 4; lastKnownFileType = sourcecode.c.objc; path = ArkanoidBall.m; sourceTree = "<group>"; };
		959CA95714DFB076007334ED /* bonus_fast.gif */ = {isa = PBXFileReference; lastKnownFileType = image.gif; path = bonus_fast.gif; sourceTree = "<group>"; };
		959CA95814DFB076007334ED /* bonus_live.gif */ = {isa = PBXFileReference; lastKnownFileType = image.gif; path = bonus_live.gif; sourceTree = "<group>"; };
		959CA95914DFB076007334ED /* bonus_multi.gif */ = {isa = PBXFileReference; lastKnownFileType = image.gif; path = bonus_multi.gif; sourceTree = "<group>"; };
		959CA95A14DFB076007334ED /* bonus_narrow.gif */ = {isa = PBXFileReference; lastKnownFileType = image.gif; path = bonus_narrow.gif; sourceTree = "<group>"; };
		959CA95B14DFB076007334ED /* bonus_slow.gif */ = {isa = PBXFileReference; lastKnownFileType = image.gif; path = bonus_slow.gif; sourceTree = "<group>"; };
		959CA95C14DFB076007334ED /* bonus_victory.gif */ = {isa = PBXFileReference; lastKnownFileType = image.gif; path = bonus_victory.gif; sourceTree = "<group>"; };
		959CA95D14DFB076007334ED /* bonus_wide.gif */ = {isa = PBXFileReference; lastKnownFileType = image.gif; path = bonus_wide.gif; sourceTree = "<group>"; };
		95E2A20E14D6B342005970ED /* ArkanoidBoard.h */ = {isa = PBXFileReference; fileEncoding = 4; lastKnownFileType = sourcecode.c.h; path = ArkanoidBoard.h; sourceTree = "<group>"; };
		95E2A20F14D6B342005970ED /* ArkanoidBoard.m */ = {isa = PBXFileReference; fileEncoding = 4; lastKnownFileType = sourcecode.c.objc; path = ArkanoidBoard.m; sourceTree = "<group>"; };
/* End PBXFileReference section */

/* Begin PBXFrameworksBuildPhase section */
		338784DF14D5C2870055F31C /* Frameworks */ = {
			isa = PBXFrameworksBuildPhase;
			buildActionMask = 2147483647;
			files = (
				958648B214D901CF00F6C12D /* QuartzCore.framework in Frameworks */,
				338784E714D5C2880055F31C /* UIKit.framework in Frameworks */,
				338784E914D5C2880055F31C /* Foundation.framework in Frameworks */,
				338784EB14D5C2880055F31C /* CoreGraphics.framework in Frameworks */,
			);
			runOnlyForDeploymentPostprocessing = 0;
		};
/* End PBXFrameworksBuildPhase section */

/* Begin PBXGroup section */
		338784D714D5C2870055F31C = {
			isa = PBXGroup;
			children = (
				338784EC14D5C2880055F31C /* FinalProjectBasis */,
				338784E514D5C2880055F31C /* Frameworks */,
				338784E314D5C2880055F31C /* Products */,
			);
			sourceTree = "<group>";
		};
		338784E314D5C2880055F31C /* Products */ = {
			isa = PBXGroup;
			children = (
				338784E214D5C2880055F31C /* FinalProjectBasis.app */,
			);
			name = Products;
			sourceTree = "<group>";
		};
		338784E514D5C2880055F31C /* Frameworks */ = {
			isa = PBXGroup;
			children = (
				958648B114D901CF00F6C12D /* QuartzCore.framework */,
				338784E614D5C2880055F31C /* UIKit.framework */,
				338784E814D5C2880055F31C /* Foundation.framework */,
				338784EA14D5C2880055F31C /* CoreGraphics.framework */,
			);
			name = Frameworks;
			sourceTree = "<group>";
		};
		338784EC14D5C2880055F31C /* FinalProjectBasis */ = {
			isa = PBXGroup;
			children = (
				95819B5614DA72C60035C590 /* Levels */,
				958695DB14D7A4BC0002EFA3 /* Game Model */,
				958695DA14D7A49F0002EFA3 /* Game View */,
				95E2A20414D67EC0005970ED /* Images */,
				338784ED14D5C2880055F31C /* Supporting Files */,
				338784F514D5C2880055F31C /* AppDelegate.h */,
				338784F614D5C2880055F31C /* AppDelegate.m */,
				3387857414D5CC370055F31C /* RootViewController.h */,
				3387857514D5CC370055F31C /* RootViewController.m */,
				3387857614D5CC370055F31C /* RootViewController.xib */,
				3387857914D5CC370055F31C /* PlayViewController.h */,
				3387857A14D5CC370055F31C /* PlayViewController.m */,
				3387857B14D5CC370055F31C /* PlayViewController.xib */,
				3387858314D5CC370055F31C /* HighScoresViewController.h */,
				3387858414D5CC370055F31C /* HighScoresViewController.m */,
				3387858514D5CC370055F31C /* HighScoresViewController.xib */,
				3387858D14D5CC370055F31C /* PasswordViewController.h */,
				3387858E14D5CC370055F31C /* PasswordViewController.m */,
				3387858F14D5CC370055F31C /* PasswordViewController.xib */,
			);
			path = FinalProjectBasis;
			sourceTree = "<group>";
		};
		338784ED14D5C2880055F31C /* Supporting Files */ = {
			isa = PBXGroup;
			children = (
				338784EE14D5C2880055F31C /* FinalProjectBasis-Info.plist */,
				338784EF14D5C2880055F31C /* InfoPlist.strings */,
				338784F214D5C2880055F31C /* main.m */,
				338784F414D5C2880055F31C /* FinalProjectBasis-Prefix.pch */,
			);
			name = "Supporting Files";
			sourceTree = "<group>";
		};
		95819B5614DA72C60035C590 /* Levels */ = {
			isa = PBXGroup;
			children = (
				95819B5714DA72D80035C590 /* level.lvl */,
			);
			name = Levels;
			sourceTree = "<group>";
		};
		958695DA14D7A49F0002EFA3 /* Game View */ = {
			isa = PBXGroup;
			children = (
				95E2A20E14D6B342005970ED /* ArkanoidBoard.h */,
				95E2A20F14D6B342005970ED /* ArkanoidBoard.m */,
				958695D714D7A2C20002EFA3 /* ArkanoidBall.h */,
				958695D814D7A2C20002EFA3 /* ArkanoidBall.m */,
				958648E014D95B0500F6C12D /* ArkanoidBrick.h */,
				958648E114D95B0600F6C12D /* ArkanoidBrick.m */,
				95819B6414DABDD50035C590 /* PauseButton.h */,
				95819B6514DABDD50035C590 /* PauseButton.m */,
				3307E25014DD67AF00682567 /* ArkanoidBonus.h */,
				3307E25114DD67AF00682567 /* ArkanoidBonus.m */,
			);
			name = "Game View";
			sourceTree = "<group>";
		};
		958695DB14D7A4BC0002EFA3 /* Game Model */ = {
			isa = PBXGroup;
			children = (
				958648B314D909DF00F6C12D /* GameState.h */,
				958648B414D909DF00F6C12D /* GameState.m */,
				95819B5914DA75EB0035C590 /* BrickDescription.h */,
				95819B5A14DA75EB0035C590 /* BrickDescription.m */,
			);
			name = "Game Model";
			sourceTree = "<group>";
		};
		95E2A20414D67EC0005970ED /* Images */ = {
			isa = PBXGroup;
			children = (
				959CA95714DFB076007334ED /* bonus_fast.gif */,
				959CA95814DFB076007334ED /* bonus_live.gif */,
				959CA95914DFB076007334ED /* bonus_multi.gif */,
				959CA95A14DFB076007334ED /* bonus_narrow.gif */,
				959CA95B14DFB076007334ED /* bonus_slow.gif */,
				959CA95C14DFB076007334ED /* bonus_victory.gif */,
				959CA95D14DFB076007334ED /* bonus_wide.gif */,
				95819B5314DA5C540035C590 /* ball.gif */,
				958648DE14D959A500F6C12D /* main frame.gif */,
				958648CA14D954B300F6C12D /* brick_green_lightgreen.png */,
				958648CB14D954B300F6C12D /* brick_grey_black.png */,
				958648CC14D954B300F6C12D /* brick_lightgreen_green.png */,
				958648CD14D954B300F6C12D /* brick_pink_black.png */,
				958648CE14D954B400F6C12D /* brick_pink_purple.png */,
				958648CF14D954B400F6C12D /* brick_purple_pink.png */,
				958648D014D954B400F6C12D /* brick_red_yellow.png */,
				958648D114D954B400F6C12D /* brick_yellow_black.png */,
				958648D214D954B400F6C12D /* brick_yellow_lime.png */,
				958648D314D954B400F6C12D /* brick_yellow_red.png */,
				958648C414D954A600F6C12D /* brick_blue_cyan.png */,
				958648C514D954A600F6C12D /* brick_cyan_black.png */,
				958648C614D954A600F6C12D /* brick_cyan_blue.png */,
				958648BC14D9548500F6C12D /* background_blue.gif */,
				958648BD14D9548500F6C12D /* background_green.gif */,
				958648BE14D9548500F6C12D /* background_pink.gif */,
				958648BF14D9548500F6C12D /* background_red.gif */,
				958648B614D9518C00F6C12D /* board_narrow.png */,
				958648B714D9518C00F6C12D /* board_normal.png */,
				958648B814D9518C00F6C12D /* board_wide.png */,
			);
			name = Images;
			sourceTree = "<group>";
		};
/* End PBXGroup section */

/* Begin PBXNativeTarget section */
		338784E114D5C2870055F31C /* FinalProjectBasis */ = {
			isa = PBXNativeTarget;
			buildConfigurationList = 3387850014D5C2880055F31C /* Build configuration list for PBXNativeTarget "FinalProjectBasis" */;
			buildPhases = (
				338784DE14D5C2870055F31C /* Sources */,
				338784DF14D5C2870055F31C /* Frameworks */,
				338784E014D5C2870055F31C /* Resources */,
			);
			buildRules = (
			);
			dependencies = (
			);
			name = FinalProjectBasis;
			productName = FinalProjectBasis;
			productReference = 338784E214D5C2880055F31C /* FinalProjectBasis.app */;
			productType = "com.apple.product-type.application";
		};
/* End PBXNativeTarget section */

/* Begin PBXProject section */
		338784D914D5C2870055F31C /* Project object */ = {
			isa = PBXProject;
			attributes = {
				LastUpgradeCheck = 0420;
			};
			buildConfigurationList = 338784DC14D5C2870055F31C /* Build configuration list for PBXProject "FinalProjectBasis" */;
			compatibilityVersion = "Xcode 3.2";
			developmentRegion = English;
			hasScannedForEncodings = 0;
			knownRegions = (
				en,
			);
			mainGroup = 338784D714D5C2870055F31C;
			productRefGroup = 338784E314D5C2880055F31C /* Products */;
			projectDirPath = "";
			projectRoot = "";
			targets = (
				338784E114D5C2870055F31C /* FinalProjectBasis */,
			);
		};
/* End PBXProject section */

/* Begin PBXResourcesBuildPhase section */
		338784E014D5C2870055F31C /* Resources */ = {
			isa = PBXResourcesBuildPhase;
			buildActionMask = 2147483647;
			files = (
				338784F114D5C2880055F31C /* InfoPlist.strings in Resources */,
				3387857814D5CC370055F31C /* RootViewController.xib in Resources */,
				3387857D14D5CC370055F31C /* PlayViewController.xib in Resources */,
				3387858714D5CC370055F31C /* HighScoresViewController.xib in Resources */,
				3387859114D5CC370055F31C /* PasswordViewController.xib in Resources */,
				958648B914D9518C00F6C12D /* board_narrow.png in Resources */,
				958648BA14D9518C00F6C12D /* board_normal.png in Resources */,
				958648BB14D9518C00F6C12D /* board_wide.png in Resources */,
				958648C014D9548500F6C12D /* background_blue.gif in Resources */,
				958648C114D9548500F6C12D /* background_green.gif in Resources */,
				958648C214D9548500F6C12D /* background_pink.gif in Resources */,
				958648C314D9548500F6C12D /* background_red.gif in Resources */,
				958648C714D954A700F6C12D /* brick_blue_cyan.png in Resources */,
				958648C814D954A700F6C12D /* brick_cyan_black.png in Resources */,
				958648C914D954A700F6C12D /* brick_cyan_blue.png in Resources */,
				958648D414D954B400F6C12D /* brick_green_lightgreen.png in Resources */,
				958648D514D954B400F6C12D /* brick_grey_black.png in Resources */,
				958648D614D954B400F6C12D /* brick_lightgreen_green.png in Resources */,
				958648D714D954B400F6C12D /* brick_pink_black.png in Resources */,
				958648D814D954B400F6C12D /* brick_pink_purple.png in Resources */,
				958648D914D954B400F6C12D /* brick_purple_pink.png in Resources */,
				958648DA14D954B400F6C12D /* brick_red_yellow.png in Resources */,
				958648DB14D954B400F6C12D /* brick_yellow_black.png in Resources */,
				958648DC14D954B400F6C12D /* brick_yellow_lime.png in Resources */,
				958648DD14D954B400F6C12D /* brick_yellow_red.png in Resources */,
				958648DF14D959A500F6C12D /* main frame.gif in Resources */,
				95819B5414DA5C540035C590 /* ball.gif in Resources */,
				95819B5814DA72D80035C590 /* level.lvl in Resources */,
				959CA95E14DFB076007334ED /* bonus_fast.gif in Resources */,
				959CA95F14DFB076007334ED /* bonus_live.gif in Resources */,
				959CA96014DFB076007334ED /* bonus_multi.gif in Resources */,
				959CA96114DFB076007334ED /* bonus_narrow.gif in Resources */,
				959CA96214DFB076007334ED /* bonus_slow.gif in Resources */,
				959CA96314DFB076007334ED /* bonus_victory.gif in Resources */,
				959CA96414DFB076007334ED /* bonus_wide.gif in Resources */,
			);
			runOnlyForDeploymentPostprocessing = 0;
		};
/* End PBXResourcesBuildPhase section */

/* Begin PBXSourcesBuildPhase section */
		338784DE14D5C2870055F31C /* Sources */ = {
			isa = PBXSourcesBuildPhase;
			buildActionMask = 2147483647;
			files = (
				338784F314D5C2880055F31C /* main.m in Sources */,
				338784F714D5C2880055F31C /* AppDelegate.m in Sources */,
				3387857714D5CC370055F31C /* RootViewController.m in Sources */,
				3387857C14D5CC370055F31C /* PlayViewController.m in Sources */,
				3387858614D5CC370055F31C /* HighScoresViewController.m in Sources */,
				3387859014D5CC370055F31C /* PasswordViewController.m in Sources */,
				95E2A21014D6B343005970ED /* ArkanoidBoard.m in Sources */,
				958695D914D7A2C20002EFA3 /* ArkanoidBall.m in Sources */,
				958648B514D909DF00F6C12D /* GameState.m in Sources */,
				958648E214D95B0600F6C12D /* ArkanoidBrick.m in Sources */,
				95819B5B14DA75EB0035C590 /* BrickDescription.m in Sources */,
				95819B6614DABDD50035C590 /* PauseButton.m in Sources */,
				3307E25214DD67AF00682567 /* ArkanoidBonus.m in Sources */,
			);
			runOnlyForDeploymentPostprocessing = 0;
		};
/* End PBXSourcesBuildPhase section */

/* Begin PBXVariantGroup section */
		338784EF14D5C2880055F31C /* InfoPlist.strings */ = {
			isa = PBXVariantGroup;
			children = (
				338784F014D5C2880055F31C /* en */,
			);
			name = InfoPlist.strings;
			sourceTree = "<group>";
		};
/* End PBXVariantGroup section */

/* Begin XCBuildConfiguration section */
		338784FE14D5C2880055F31C /* Debug */ = {
			isa = XCBuildConfiguration;
			buildSettings = {
				ALWAYS_SEARCH_USER_PATHS = NO;
				ARCHS = "$(ARCHS_STANDARD_32_BIT)";
				CODE_SIGN_IDENTITY = "iPhone Developer";
				"CODE_SIGN_IDENTITY[sdk=iphoneos*]" = "iPhone Developer";
				COPY_PHASE_STRIP = NO;
				GCC_C_LANGUAGE_STANDARD = gnu99;
				GCC_DYNAMIC_NO_PIC = NO;
				GCC_OPTIMIZATION_LEVEL = 0;
				GCC_PREPROCESSOR_DEFINITIONS = (
					"DEBUG=1",
					"$(inherited)",
				);
				GCC_SYMBOLS_PRIVATE_EXTERN = NO;
				GCC_VERSION = com.apple.compilers.llvm.clang.1_0;
				GCC_WARN_ABOUT_MISSING_PROTOTYPES = YES;
				GCC_WARN_ABOUT_RETURN_TYPE = YES;
				GCC_WARN_UNUSED_VARIABLE = YES;
				IPHONEOS_DEPLOYMENT_TARGET = 4.0;
				PROVISIONING_PROFILE = "";
				SDKROOT = iphoneos;
			};
			name = Debug;
		};
		338784FF14D5C2880055F31C /* Release */ = {
			isa = XCBuildConfiguration;
			buildSettings = {
				ALWAYS_SEARCH_USER_PATHS = NO;
				ARCHS = "$(ARCHS_STANDARD_32_BIT)";
				CODE_SIGN_IDENTITY = "iPhone Developer";
				"CODE_SIGN_IDENTITY[sdk=iphoneos*]" = "iPhone Developer";
				COPY_PHASE_STRIP = YES;
				GCC_C_LANGUAGE_STANDARD = gnu99;
				GCC_VERSION = com.apple.compilers.llvm.clang.1_0;
				GCC_WARN_ABOUT_MISSING_PROTOTYPES = YES;
				GCC_WARN_ABOUT_RETURN_TYPE = YES;
				GCC_WARN_UNUSED_VARIABLE = YES;
				IPHONEOS_DEPLOYMENT_TARGET = 4.0;
				OTHER_CFLAGS = "-DNS_BLOCK_ASSERTIONS=1";
				PROVISIONING_PROFILE = "";
				SDKROOT = iphoneos;
				VALIDATE_PRODUCT = YES;
			};
			name = Release;
		};
		3387850114D5C2880055F31C /* Debug */ = {
			isa = XCBuildConfiguration;
			buildSettings = {
				GCC_PRECOMPILE_PREFIX_HEADER = YES;
				GCC_PREFIX_HEADER = "FinalProjectBasis/FinalProjectBasis-Prefix.pch";
				INFOPLIST_FILE = "FinalProjectBasis/FinalProjectBasis-Info.plist";
				PRODUCT_NAME = "$(TARGET_NAME)";
				WRAPPER_EXTENSION = app;
			};
			name = Debug;
		};
		3387850214D5C2880055F31C /* Release */ = {
			isa = XCBuildConfiguration;
			buildSettings = {
				GCC_PRECOMPILE_PREFIX_HEADER = YES;
				GCC_PREFIX_HEADER = "FinalProjectBasis/FinalProjectBasis-Prefix.pch";
				INFOPLIST_FILE = "FinalProjectBasis/FinalProjectBasis-Info.plist";
				PRODUCT_NAME = "$(TARGET_NAME)";
				WRAPPER_EXTENSION = app;
			};
			name = Release;
		};
/* End XCBuildConfiguration section */

/* Begin XCConfigurationList section */
		338784DC14D5C2870055F31C /* Build configuration list for PBXProject "FinalProjectBasis" */ = {
			isa = XCConfigurationList;
			buildConfigurations = (
				338784FE14D5C2880055F31C /* Debug */,
				338784FF14D5C2880055F31C /* Release */,
			);
			defaultConfigurationIsVisible = 0;
			defaultConfigurationName = Release;
		};
		3387850014D5C2880055F31C /* Build configuration list for PBXNativeTarget "FinalProjectBasis" */ = {
			isa = XCConfigurationList;
			buildConfigurations = (
				3387850114D5C2880055F31C /* Debug */,
				3387850214D5C2880055F31C /* Release */,
			);
			defaultConfigurationIsVisible = 0;
			defaultConfigurationName = Release;
		};
/* End XCConfigurationList section */
	};
	rootObject = 338784D914D5C2870055F31C /* Project object */;
}
